// !$*UTF8*$!
{
	archiveVersion = 1;
	classes = {
	};
	objectVersion = 50;
	objects = {

/* Begin PBXBuildFile section */
		B95148A625CCEAE20022DFAA /* main.cpp in Sources */ = {isa = PBXBuildFile; fileRef = B95148A525CCEAE20022DFAA /* main.cpp */; };
		B9854BCF25D063560072DB9C /* display.cpp in Sources */ = {isa = PBXBuildFile; fileRef = B9854BCD25D063560072DB9C /* display.cpp */; };
		B9854BD225D06E7C0072DB9C /* firefx.cpp in Sources */ = {isa = PBXBuildFile; fileRef = B9854BD025D06E7C0072DB9C /* firefx.cpp */; };
/* End PBXBuildFile section */

/* Begin PBXCopyFilesBuildPhase section */
		B95148A025CCEAE20022DFAA /* CopyFiles */ = {
			isa = PBXCopyFilesBuildPhase;
			buildActionMask = 2147483647;
			dstPath = /usr/share/man/man1/;
			dstSubfolderSpec = 0;
			files = (
			);
			runOnlyForDeploymentPostprocessing = 1;
		};
/* End PBXCopyFilesBuildPhase section */

/* Begin PBXFileReference section */
		B95148A225CCEAE20022DFAA /* doomfirefx */ = {isa = PBXFileReference; explicitFileType = "compiled.mach-o.executable"; includeInIndex = 0; path = doomfirefx; sourceTree = BUILT_PRODUCTS_DIR; };
		B95148A525CCEAE20022DFAA /* main.cpp */ = {isa = PBXFileReference; lastKnownFileType = sourcecode.cpp.cpp; path = main.cpp; sourceTree = "<group>"; };
		B9854BCD25D063560072DB9C /* display.cpp */ = {isa = PBXFileReference; lastKnownFileType = sourcecode.cpp.cpp; path = display.cpp; sourceTree = "<group>"; };
		B9854BCE25D063560072DB9C /* display.hpp */ = {isa = PBXFileReference; lastKnownFileType = sourcecode.cpp.h; path = display.hpp; sourceTree = "<group>"; };
		B9854BD025D06E7C0072DB9C /* firefx.cpp */ = {isa = PBXFileReference; lastKnownFileType = sourcecode.cpp.cpp; path = firefx.cpp; sourceTree = "<group>"; };
		B9854BD125D06E7C0072DB9C /* firefx.hpp */ = {isa = PBXFileReference; lastKnownFileType = sourcecode.cpp.h; path = firefx.hpp; sourceTree = "<group>"; };
/* End PBXFileReference section */

/* Begin PBXFrameworksBuildPhase section */
		B951489F25CCEAE20022DFAA /* Frameworks */ = {
			isa = PBXFrameworksBuildPhase;
			buildActionMask = 2147483647;
			files = (
			);
			runOnlyForDeploymentPostprocessing = 0;
		};
/* End PBXFrameworksBuildPhase section */

/* Begin PBXGroup section */
		B951489925CCEAE20022DFAA = {
			isa = PBXGroup;
			children = (
				B95148A425CCEAE20022DFAA /* doomfirefx */,
				B95148A325CCEAE20022DFAA /* Products */,
			);
			sourceTree = "<group>";
		};
		B95148A325CCEAE20022DFAA /* Products */ = {
			isa = PBXGroup;
			children = (
				B95148A225CCEAE20022DFAA /* doomfirefx */,
			);
			name = Products;
			sourceTree = "<group>";
		};
		B95148A425CCEAE20022DFAA /* doomfirefx */ = {
			isa = PBXGroup;
			children = (
				B95148A525CCEAE20022DFAA /* main.cpp */,
				B9854BD025D06E7C0072DB9C /* firefx.cpp */,
				B9854BD125D06E7C0072DB9C /* firefx.hpp */,
				B9854BCD25D063560072DB9C /* display.cpp */,
				B9854BCE25D063560072DB9C /* display.hpp */,
			);
			path = doomfirefx;
			sourceTree = "<group>";
		};
/* End PBXGroup section */

/* Begin PBXNativeTarget section */
		B95148A125CCEAE20022DFAA /* doomfirefx */ = {
			isa = PBXNativeTarget;
			buildConfigurationList = B95148A925CCEAE20022DFAA /* Build configuration list for PBXNativeTarget "doomfirefx" */;
			buildPhases = (
				B951489E25CCEAE20022DFAA /* Sources */,
				B951489F25CCEAE20022DFAA /* Frameworks */,
				B95148A025CCEAE20022DFAA /* CopyFiles */,
			);
			buildRules = (
			);
			dependencies = (
			);
			name = doomfirefx;
			productName = doomfirefx;
			productReference = B95148A225CCEAE20022DFAA /* doomfirefx */;
			productType = "com.apple.product-type.tool";
		};
/* End PBXNativeTarget section */

/* Begin PBXProject section */
		B951489A25CCEAE20022DFAA /* Project object */ = {
			isa = PBXProject;
			attributes = {
				LastUpgradeCheck = 1120;
				ORGANIZATIONNAME = "Julien Bost";
				TargetAttributes = {
					B95148A125CCEAE20022DFAA = {
						CreatedOnToolsVersion = 11.2;
					};
				};
			};
			buildConfigurationList = B951489D25CCEAE20022DFAA /* Build configuration list for PBXProject "doomfirefx" */;
			compatibilityVersion = "Xcode 9.3";
			developmentRegion = en;
			hasScannedForEncodings = 0;
			knownRegions = (
				en,
				Base,
			);
			mainGroup = B951489925CCEAE20022DFAA;
			productRefGroup = B95148A325CCEAE20022DFAA /* Products */;
			projectDirPath = "";
			projectRoot = "";
			targets = (
				B95148A125CCEAE20022DFAA /* doomfirefx */,
			);
		};
/* End PBXProject section */

/* Begin PBXSourcesBuildPhase section */
		B951489E25CCEAE20022DFAA /* Sources */ = {
			isa = PBXSourcesBuildPhase;
			buildActionMask = 2147483647;
			files = (
				B9854BCF25D063560072DB9C /* display.cpp in Sources */,
				B95148A625CCEAE20022DFAA /* main.cpp in Sources */,
				B9854BD225D06E7C0072DB9C /* firefx.cpp in Sources */,
			);
			runOnlyForDeploymentPostprocessing = 0;
		};
/* End PBXSourcesBuildPhase section */

/* Begin XCBuildConfiguration section */
		B95148A725CCEAE20022DFAA /* Debug */ = {
			isa = XCBuildConfiguration;
			buildSettings = {
				ALWAYS_SEARCH_USER_PATHS = NO;
				CLANG_ANALYZER_NONNULL = YES;
				CLANG_ANALYZER_NUMBER_OBJECT_CONVERSION = YES_AGGRESSIVE;
				CLANG_CXX_LANGUAGE_STANDARD = "gnu++14";
				CLANG_CXX_LIBRARY = "compiler-default";
				CLANG_ENABLE_MODULES = YES;
				CLANG_ENABLE_OBJC_ARC = YES;
				CLANG_ENABLE_OBJC_WEAK = YES;
				CLANG_WARN_BLOCK_CAPTURE_AUTORELEASING = YES;
				CLANG_WARN_BOOL_CONVERSION = YES;
				CLANG_WARN_COMMA = YES;
				CLANG_WARN_CONSTANT_CONVERSION = YES;
				CLANG_WARN_DEPRECATED_OBJC_IMPLEMENTATIONS = YES;
				CLANG_WARN_DIRECT_OBJC_ISA_USAGE = YES_ERROR;
				CLANG_WARN_DOCUMENTATION_COMMENTS = YES;
				CLANG_WARN_EMPTY_BODY = YES;
				CLANG_WARN_ENUM_CONVERSION = YES;
				CLANG_WARN_INFINITE_RECURSION = YES;
				CLANG_WARN_INT_CONVERSION = YES;
				CLANG_WARN_NON_LITERAL_NULL_CONVERSION = YES;
				CLANG_WARN_OBJC_IMPLICIT_RETAIN_SELF = YES;
				CLANG_WARN_OBJC_LITERAL_CONVERSION = YES;
				CLANG_WARN_OBJC_ROOT_CLASS = YES_ERROR;
				CLANG_WARN_RANGE_LOOP_ANALYSIS = YES;
				CLANG_WARN_STRICT_PROTOTYPES = YES;
				CLANG_WARN_SUSPICIOUS_MOVE = YES;
				CLANG_WARN_UNGUARDED_AVAILABILITY = YES_AGGRESSIVE;
				CLANG_WARN_UNREACHABLE_CODE = YES;
				CLANG_WARN__DUPLICATE_METHOD_MATCH = YES;
				CODE_SIGN_IDENTITY = "-";
				COPY_PHASE_STRIP = NO;
				DEBUG_INFORMATION_FORMAT = dwarf;
				ENABLE_STRICT_OBJC_MSGSEND = YES;
				ENABLE_TESTABILITY = YES;
				GCC_C_LANGUAGE_STANDARD = gnu11;
				GCC_DYNAMIC_NO_PIC = NO;
				GCC_NO_COMMON_BLOCKS = YES;
				GCC_OPTIMIZATION_LEVEL = 0;
				GCC_PREPROCESSOR_DEFINITIONS = (
					"DEBUG=1",
					"$(inherited)",
				);
				GCC_WARN_64_TO_32_BIT_CONVERSION = YES;
				GCC_WARN_ABOUT_RETURN_TYPE = YES_ERROR;
				GCC_WARN_UNDECLARED_SELECTOR = YES;
				GCC_WARN_UNINITIALIZED_AUTOS = YES_AGGRESSIVE;
				GCC_WARN_UNUSED_FUNCTION = YES;
				GCC_WARN_UNUSED_VARIABLE = YES;
				MACOSX_DEPLOYMENT_TARGET = 10.15;
				MTL_ENABLE_DEBUG_INFO = INCLUDE_SOURCE;
				MTL_FAST_MATH = YES;
				ONLY_ACTIVE_ARCH = YES;
				SDKROOT = linux;
			};
			name = Debug;
		};
		B95148A825CCEAE20022DFAA /* Release */ = {
			isa = XCBuildConfiguration;
			buildSettings = {
				ALWAYS_SEARCH_USER_PATHS = NO;
				CLANG_ANALYZER_NONNULL = YES;
				CLANG_ANALYZER_NUMBER_OBJECT_CONVERSION = YES_AGGRESSIVE;
				CLANG_CXX_LANGUAGE_STANDARD = "gnu++14";
				CLANG_CXX_LIBRARY = "compiler-default";
				CLANG_ENABLE_MODULES = YES;
				CLANG_ENABLE_OBJC_ARC = YES;
				CLANG_ENABLE_OBJC_WEAK = YES;
				CLANG_WARN_BLOCK_CAPTURE_AUTORELEASING = YES;
				CLANG_WARN_BOOL_CONVERSION = YES;
				CLANG_WARN_COMMA = YES;
				CLANG_WARN_CONSTANT_CONVERSION = YES;
				CLANG_WARN_DEPRECATED_OBJC_IMPLEMENTATIONS = YES;
				CLANG_WARN_DIRECT_OBJC_ISA_USAGE = YES_ERROR;
				CLANG_WARN_DOCUMENTATION_COMMENTS = YES;
				CLANG_WARN_EMPTY_BODY = YES;
				CLANG_WARN_ENUM_CONVERSION = YES;
				CLANG_WARN_INFINITE_RECURSION = YES;
				CLANG_WARN_INT_CONVERSION = YES;
				CLANG_WARN_NON_LITERAL_NULL_CONVERSION = YES;
				CLANG_WARN_OBJC_IMPLICIT_RETAIN_SELF = YES;
				CLANG_WARN_OBJC_LITERAL_CONVERSION = YES;
				CLANG_WARN_OBJC_ROOT_CLASS = YES_ERROR;
				CLANG_WARN_RANGE_LOOP_ANALYSIS = YES;
				CLANG_WARN_STRICT_PROTOTYPES = YES;
				CLANG_WARN_SUSPICIOUS_MOVE = YES;
				CLANG_WARN_UNGUARDED_AVAILABILITY = YES_AGGRESSIVE;
				CLANG_WARN_UNREACHABLE_CODE = YES;
				CLANG_WARN__DUPLICATE_METHOD_MATCH = YES;
				CODE_SIGN_IDENTITY = "-";
				COPY_PHASE_STRIP = NO;
				DEBUG_INFORMATION_FORMAT = dwarf;
				ENABLE_NS_ASSERTIONS = NO;
				ENABLE_STRICT_OBJC_MSGSEND = YES;
				GCC_C_LANGUAGE_STANDARD = gnu11;
				GCC_NO_COMMON_BLOCKS = YES;
				GCC_WARN_64_TO_32_BIT_CONVERSION = YES;
				GCC_WARN_ABOUT_RETURN_TYPE = YES_ERROR;
				GCC_WARN_UNDECLARED_SELECTOR = YES;
				GCC_WARN_UNINITIALIZED_AUTOS = YES_AGGRESSIVE;
				GCC_WARN_UNUSED_FUNCTION = YES;
				GCC_WARN_UNUSED_VARIABLE = YES;
				MACOSX_DEPLOYMENT_TARGET = 10.15;
				MTL_ENABLE_DEBUG_INFO = NO;
				MTL_FAST_MATH = YES;
				SDKROOT = linux;
			};
			name = Release;
		};
		B95148AA25CCEAE20022DFAA /* Debug */ = {
			isa = XCBuildConfiguration;
			buildSettings = {
				CLANG_CXX_LANGUAGE_STANDARD = "gnu++17";
				CODE_SIGN_STYLE = Automatic;
				HEADER_SEARCH_PATHS = /Library/Frameworks/SDL2.framework/Versions/A/Headers;
				OTHER_LDFLAGS = (
					"-F/Library/Frameworks",
					"-framework",
					SDL2,
					"-framework",
					Cocoa,
				);
				PRODUCT_NAME = "$(TARGET_NAME)";
				SDKROOT = macosx;
			};
			name = Debug;
		};
		B95148AB25CCEAE20022DFAA /* Release */ = {
			isa = XCBuildConfiguration;
			buildSettings = {
				CLANG_CXX_LANGUAGE_STANDARD = "gnu++17";
				CODE_SIGN_STYLE = Automatic;
				HEADER_SEARCH_PATHS = /Library/Frameworks/SDL2.framework/Versions/A/Headers;
				OTHER_LDFLAGS = (
					"-F/Library/Frameworks",
					"-framework",
					SDL2,
					"-framework",
					Cocoa,
				);
				PRODUCT_NAME = "$(TARGET_NAME)";
				SDKROOT = macosx;
			};
			name = Release;
		};
/* End XCBuildConfiguration section */

/* Begin XCConfigurationList section */
		B951489D25CCEAE20022DFAA /* Build configuration list for PBXProject "doomfirefx" */ = {
			isa = XCConfigurationList;
			buildConfigurations = (
				B95148A725CCEAE20022DFAA /* Debug */,
				B95148A825CCEAE20022DFAA /* Release */,
			);
			defaultConfigurationIsVisible = 0;
			defaultConfigurationName = Release;
		};
		B95148A925CCEAE20022DFAA /* Build configuration list for PBXNativeTarget "doomfirefx" */ = {
			isa = XCConfigurationList;
			buildConfigurations = (
				B95148AA25CCEAE20022DFAA /* Debug */,
				B95148AB25CCEAE20022DFAA /* Release */,
			);
			defaultConfigurationIsVisible = 0;
			defaultConfigurationName = Release;
		};
/* End XCConfigurationList section */
	};
	rootObject = B951489A25CCEAE20022DFAA /* Project object */;
}
